
Microsoft Visual Studio Solution File, Format Version 12.00
# Visual Studio Version 17
VisualStudioVersion = 17.0.31903.59
MinimumVisualStudioVersion = 10.0.40219.1
Project("{FAE04EC0-301F-11D3-BF4B-00C04F79EFBC}") = "Aula02_avancado", "Aula02_avancado\Aula02_avancado.csproj", "{8E124375-3CB9-4609-9C6A-C51F04F7C46A}"
EndProject
Global
	GlobalSection(SolutionConfigurationPlatforms) = preSolution
		Debug|Any CPU = Debug|Any CPU
		Release|Any CPU = Release|Any CPU
	EndGlobalSection
	GlobalSection(SolutionProperties) = preSolution
		HideSolutionNode = FALSE
	EndGlobalSection
	GlobalSection(ProjectConfigurationPlatforms) = postSolution
		{8E124375-3CB9-4609-9C6A-C51F04F7C46A}.Debug|Any CPU.ActiveCfg = Debug|Any CPU
		{8E124375-3CB9-4609-9C6A-C51F04F7C46A}.Debug|Any CPU.Build.0 = Debug|Any CPU
		{8E124375-3CB9-4609-9C6A-C51F04F7C46A}.Release|Any CPU.ActiveCfg = Release|Any CPU
		{8E124375-3CB9-4609-9C6A-C51F04F7C46A}.Release|Any CPU.Build.0 = Release|Any CPU
	EndGlobalSection
EndGlobal
