
Microsoft Visual Studio Solution File, Format Version 12.00
# Visual Studio Version 17
VisualStudioVersion = 17.5.002.0
MinimumVisualStudioVersion = 10.0.40219.1
Project("{9A19103F-16F7-4668-BE54-9A1E7A4F7556}") = "dotnet_avancado_exercicio1", "dotnet_avancado_exercicio1\dotnet_avancado_exercicio1.csproj", "{7F7357DB-63EB-441B-8840-F3C4D7FDC57C}"
EndProject
Project("{2150E333-8FDC-42A3-9474-1A3956D46DE8}") = "dotnet_avancado_exercicio2", "dotnet_avancado_exercicio2", "{755870B5-90BA-4F89-8D90-7E3D01E2331A}"
EndProject
Project("{9A19103F-16F7-4668-BE54-9A1E7A4F7556}") = "Exercicio2_Aula3", "dotnet_avancado_exercicio2\Exercicio2_Aula3\Exercicio2_Aula3.csproj", "{226C5D2F-07E8-4D57-B613-BFCDC4195A72}"
EndProject
Project("{9A19103F-16F7-4668-BE54-9A1E7A4F7556}") = "Exercicio3_Aula3", "dotnet_avancado_exercicio2\Exercicio3_Aula2\Exercicio3_Aula3.csproj", "{8740133D-E5E9-4FE4-B480-129FC46E1D39}"
EndProject
Project("{9A19103F-16F7-4668-BE54-9A1E7A4F7556}") = "Exercicio4_Aula3", "dotnet_avancado_exercicio2\Exercicio4_Aula3\Exercicio4_Aula3.csproj", "{EF827D1C-272B-437E-8502-9F0B0FF3AA6D}"
EndProject
Project("{9A19103F-16F7-4668-BE54-9A1E7A4F7556}") = "Exercicio5_Aula3", "dotnet_avancado_exercicio2\Exercicio5_Aula3\Exercicio5_Aula3.csproj", "{2B207824-6D22-4DEE-8182-0C241E0FF18B}"
EndProject
Project("{9A19103F-16F7-4668-BE54-9A1E7A4F7556}") = "Exercicio_Aula3", "dotnet_avancado_exercicio2\Exercicio_Aula3\Exercicio_Aula3.csproj", "{42A87A7A-2D24-4544-B7D7-A4BC2D99E3AB}"
EndProject
Project("{2150E333-8FDC-42A3-9474-1A3956D46DE8}") = "dotnet_avancado_exercicio3", "dotnet_avancado_exercicio3", "{EF935579-7271-4C03-934C-B4BEF6D17911}"
EndProject
Project("{9A19103F-16F7-4668-BE54-9A1E7A4F7556}") = "exercicio_Await-Async", "dotnet_avancado_exercicio3\exercicio_Await-Async\exercicio_Await-Async.csproj", "{09C78E97-EBF2-499B-BE2A-6252854D9AD6}"
EndProject
Project("{2150E333-8FDC-42A3-9474-1A3956D46DE8}") = "exercicio_Delegates", "exercicio_Delegates", "{7DEF946C-A709-45C8-88D6-1654CC899CC3}"
EndProject
Project("{9A19103F-16F7-4668-BE54-9A1E7A4F7556}") = "Delegate", "dotnet_avancado_exercicio3\exercicio_Delegates\Delegate\Delegate.csproj", "{D11C58FA-0E5D-4FD1-BA62-8CDEEBD3093B}"
EndProject
Project("{2150E333-8FDC-42A3-9474-1A3956D46DE8}") = "exercicio_Linq", "exercicio_Linq", "{F325AEF7-BFAA-4038-8F41-D0DAA9E1749F}"
EndProject
Project("{9A19103F-16F7-4668-BE54-9A1E7A4F7556}") = "LINQ", "dotnet_avancado_exercicio3\exercicio_Linq\LINQ\LINQ.csproj", "{7037D501-88B3-43CE-9EC6-C71CD6796FA9}"
EndProject
Project("{2150E333-8FDC-42A3-9474-1A3956D46DE8}") = "exercicio_Threads", "exercicio_Threads", "{076EBEB6-EFF0-4FE3-82A9-2BB33F6B2A73}"
EndProject
Project("{9A19103F-16F7-4668-BE54-9A1E7A4F7556}") = "Threads", "dotnet_avancado_exercicio3\exercicio_Threads\Threads\Threads.csproj", "{9F6DAA9F-71BB-4623-9FBB-B37F30290E4B}"
EndProject
Global
	GlobalSection(SolutionConfigurationPlatforms) = preSolution
		Debug|Any CPU = Debug|Any CPU
		Release|Any CPU = Release|Any CPU
	EndGlobalSection
	GlobalSection(ProjectConfigurationPlatforms) = postSolution
		{7F7357DB-63EB-441B-8840-F3C4D7FDC57C}.Debug|Any CPU.ActiveCfg = Debug|Any CPU
		{7F7357DB-63EB-441B-8840-F3C4D7FDC57C}.Debug|Any CPU.Build.0 = Debug|Any CPU
		{7F7357DB-63EB-441B-8840-F3C4D7FDC57C}.Release|Any CPU.ActiveCfg = Release|Any CPU
		{7F7357DB-63EB-441B-8840-F3C4D7FDC57C}.Release|Any CPU.Build.0 = Release|Any CPU
		{226C5D2F-07E8-4D57-B613-BFCDC4195A72}.Debug|Any CPU.ActiveCfg = Debug|Any CPU
		{226C5D2F-07E8-4D57-B613-BFCDC4195A72}.Debug|Any CPU.Build.0 = Debug|Any CPU
		{226C5D2F-07E8-4D57-B613-BFCDC4195A72}.Release|Any CPU.ActiveCfg = Release|Any CPU
		{226C5D2F-07E8-4D57-B613-BFCDC4195A72}.Release|Any CPU.Build.0 = Release|Any CPU
		{8740133D-E5E9-4FE4-B480-129FC46E1D39}.Debug|Any CPU.ActiveCfg = Debug|Any CPU
		{8740133D-E5E9-4FE4-B480-129FC46E1D39}.Debug|Any CPU.Build.0 = Debug|Any CPU
		{8740133D-E5E9-4FE4-B480-129FC46E1D39}.Release|Any CPU.ActiveCfg = Release|Any CPU
		{8740133D-E5E9-4FE4-B480-129FC46E1D39}.Release|Any CPU.Build.0 = Release|Any CPU
		{EF827D1C-272B-437E-8502-9F0B0FF3AA6D}.Debug|Any CPU.ActiveCfg = Debug|Any CPU
		{EF827D1C-272B-437E-8502-9F0B0FF3AA6D}.Debug|Any CPU.Build.0 = Debug|Any CPU
		{EF827D1C-272B-437E-8502-9F0B0FF3AA6D}.Release|Any CPU.ActiveCfg = Release|Any CPU
		{EF827D1C-272B-437E-8502-9F0B0FF3AA6D}.Release|Any CPU.Build.0 = Release|Any CPU
		{2B207824-6D22-4DEE-8182-0C241E0FF18B}.Debug|Any CPU.ActiveCfg = Debug|Any CPU
		{2B207824-6D22-4DEE-8182-0C241E0FF18B}.Debug|Any CPU.Build.0 = Debug|Any CPU
		{2B207824-6D22-4DEE-8182-0C241E0FF18B}.Release|Any CPU.ActiveCfg = Release|Any CPU
		{2B207824-6D22-4DEE-8182-0C241E0FF18B}.Release|Any CPU.Build.0 = Release|Any CPU
		{42A87A7A-2D24-4544-B7D7-A4BC2D99E3AB}.Debug|Any CPU.ActiveCfg = Debug|Any CPU
		{42A87A7A-2D24-4544-B7D7-A4BC2D99E3AB}.Debug|Any CPU.Build.0 = Debug|Any CPU
		{42A87A7A-2D24-4544-B7D7-A4BC2D99E3AB}.Release|Any CPU.ActiveCfg = Release|Any CPU
		{42A87A7A-2D24-4544-B7D7-A4BC2D99E3AB}.Release|Any CPU.Build.0 = Release|Any CPU
		{09C78E97-EBF2-499B-BE2A-6252854D9AD6}.Debug|Any CPU.ActiveCfg = Debug|Any CPU
		{09C78E97-EBF2-499B-BE2A-6252854D9AD6}.Debug|Any CPU.Build.0 = Debug|Any CPU
		{09C78E97-EBF2-499B-BE2A-6252854D9AD6}.Release|Any CPU.ActiveCfg = Release|Any CPU
		{09C78E97-EBF2-499B-BE2A-6252854D9AD6}.Release|Any CPU.Build.0 = Release|Any CPU
		{D11C58FA-0E5D-4FD1-BA62-8CDEEBD3093B}.Debug|Any CPU.ActiveCfg = Debug|Any CPU
		{D11C58FA-0E5D-4FD1-BA62-8CDEEBD3093B}.Debug|Any CPU.Build.0 = Debug|Any CPU
		{D11C58FA-0E5D-4FD1-BA62-8CDEEBD3093B}.Release|Any CPU.ActiveCfg = Release|Any CPU
		{D11C58FA-0E5D-4FD1-BA62-8CDEEBD3093B}.Release|Any CPU.Build.0 = Release|Any CPU
		{7037D501-88B3-43CE-9EC6-C71CD6796FA9}.Debug|Any CPU.ActiveCfg = Debug|Any CPU
		{7037D501-88B3-43CE-9EC6-C71CD6796FA9}.Debug|Any CPU.Build.0 = Debug|Any CPU
		{7037D501-88B3-43CE-9EC6-C71CD6796FA9}.Release|Any CPU.ActiveCfg = Release|Any CPU
		{7037D501-88B3-43CE-9EC6-C71CD6796FA9}.Release|Any CPU.Build.0 = Release|Any CPU
		{9F6DAA9F-71BB-4623-9FBB-B37F30290E4B}.Debug|Any CPU.ActiveCfg = Debug|Any CPU
		{9F6DAA9F-71BB-4623-9FBB-B37F30290E4B}.Debug|Any CPU.Build.0 = Debug|Any CPU
		{9F6DAA9F-71BB-4623-9FBB-B37F30290E4B}.Release|Any CPU.ActiveCfg = Release|Any CPU
		{9F6DAA9F-71BB-4623-9FBB-B37F30290E4B}.Release|Any CPU.Build.0 = Release|Any CPU
	EndGlobalSection
	GlobalSection(SolutionProperties) = preSolution
		HideSolutionNode = FALSE
	EndGlobalSection
	GlobalSection(NestedProjects) = preSolution
		{226C5D2F-07E8-4D57-B613-BFCDC4195A72} = {755870B5-90BA-4F89-8D90-7E3D01E2331A}
		{8740133D-E5E9-4FE4-B480-129FC46E1D39} = {755870B5-90BA-4F89-8D90-7E3D01E2331A}
		{EF827D1C-272B-437E-8502-9F0B0FF3AA6D} = {755870B5-90BA-4F89-8D90-7E3D01E2331A}
		{2B207824-6D22-4DEE-8182-0C241E0FF18B} = {755870B5-90BA-4F89-8D90-7E3D01E2331A}
		{42A87A7A-2D24-4544-B7D7-A4BC2D99E3AB} = {755870B5-90BA-4F89-8D90-7E3D01E2331A}
		{09C78E97-EBF2-499B-BE2A-6252854D9AD6} = {EF935579-7271-4C03-934C-B4BEF6D17911}
		{7DEF946C-A709-45C8-88D6-1654CC899CC3} = {EF935579-7271-4C03-934C-B4BEF6D17911}
		{D11C58FA-0E5D-4FD1-BA62-8CDEEBD3093B} = {7DEF946C-A709-45C8-88D6-1654CC899CC3}
		{F325AEF7-BFAA-4038-8F41-D0DAA9E1749F} = {EF935579-7271-4C03-934C-B4BEF6D17911}
		{7037D501-88B3-43CE-9EC6-C71CD6796FA9} = {F325AEF7-BFAA-4038-8F41-D0DAA9E1749F}
		{076EBEB6-EFF0-4FE3-82A9-2BB33F6B2A73} = {EF935579-7271-4C03-934C-B4BEF6D17911}
		{9F6DAA9F-71BB-4623-9FBB-B37F30290E4B} = {076EBEB6-EFF0-4FE3-82A9-2BB33F6B2A73}
	EndGlobalSection
	GlobalSection(ExtensibilityGlobals) = postSolution
		SolutionGuid = {D8FDD925-D924-4624-B13E-DF039EA1B9F9}
	EndGlobalSection
EndGlobal
