
Microsoft Visual Studio Solution File, Format Version 12.00
# Visual Studio Version 17
VisualStudioVersion = 17.0.31903.59
MinimumVisualStudioVersion = 10.0.40219.1
Project("{FAE04EC0-301F-11D3-BF4B-00C04F79EFBC}") = "dotnet_avancado_exercicio1", "dotnet_avancado_exercicio1\dotnet_avancado_exercicio1.csproj", "{7668EDE1-D543-4091-974B-BAE1CBDF6148}"
EndProject
Project("{2150E333-8FDC-42A3-9474-1A3956D46DE8}") = "dotnet_avancado_exercicio2", "dotnet_avancado_exercicio2", "{CC98C6AD-9733-4D2C-A91E-C84353BFACB6}"
	ProjectSection(SolutionItems) = preProject
		.gitignore = .gitignore
	EndProjectSection
EndProject
Project("{FAE04EC0-301F-11D3-BF4B-00C04F79EFBC}") = "Exercicio_Aula3", "dotnet_avancado_exercicio2\Exercicio_Aula3\Exercicio_Aula3.csproj", "{4CD27375-E2EC-481D-A6C7-A6BDA516C066}"
EndProject
Project("{FAE04EC0-301F-11D3-BF4B-00C04F79EFBC}") = "Exercicio2_Aula3", "dotnet_avancado_exercicio2\Exercicio2_Aula3\Exercicio2_Aula3.csproj", "{3DD2C507-5F01-48FF-8098-514FBCD22D7F}"
EndProject
Project("{FAE04EC0-301F-11D3-BF4B-00C04F79EFBC}") = "Exercicio3_Aula3", "dotnet_avancado_exercicio2\Exercicio3_Aula2\Exercicio3_Aula3.csproj", "{172FF35D-113E-4A69-B814-8CE802509183}"
EndProject
Project("{FAE04EC0-301F-11D3-BF4B-00C04F79EFBC}") = "Exercicio4_Aula3", "dotnet_avancado_exercicio2\Exercicio4_Aula3\Exercicio4_Aula3.csproj", "{90DB8A53-D2AD-4AC0-AFCB-12A8709DA9B7}"
EndProject
Project("{FAE04EC0-301F-11D3-BF4B-00C04F79EFBC}") = "Exercicio5_Aula3", "dotnet_avancado_exercicio2\Exercicio5_Aula3\Exercicio5_Aula3.csproj", "{CDC729D7-5F16-4E33-AD9E-5ACCB0EE35C1}"
EndProject
Project("{2150E333-8FDC-42A3-9474-1A3956D46DE8}") = "dotnet_avancado_exercicio3", "dotnet_avancado_exercicio3", "{F6B1D2E2-07E8-4C3C-8CF7-00A8B8CCACF0}"
EndProject
Project("{2150E333-8FDC-42A3-9474-1A3956D46DE8}") = "exercicio_Delegates", "exercicio_Delegates", "{33B90144-9A60-4444-B46D-78116CF36E44}"
EndProject
Project("{FAE04EC0-301F-11D3-BF4B-00C04F79EFBC}") = "Delegate", "dotnet_avancado_exercicio3\exercicio_Delegates\Delegate\Delegate.csproj", "{0C8DE79C-F27C-4BA4-AE9B-FBD46B5833F2}"
EndProject
Project("{2150E333-8FDC-42A3-9474-1A3956D46DE8}") = "exercicio_Linq", "exercicio_Linq", "{E6F97CAF-A56C-4DA7-870A-71C6D9BA382A}"
EndProject
Project("{FAE04EC0-301F-11D3-BF4B-00C04F79EFBC}") = "LINQ", "dotnet_avancado_exercicio3\exercicio_Linq\LINQ\LINQ.csproj", "{93A2E4C6-D09D-41C7-8D8C-DCC481D1DCFD}"
EndProject
Project("{2150E333-8FDC-42A3-9474-1A3956D46DE8}") = "exercicio_Threads", "exercicio_Threads", "{5A582365-A6CB-486B-9109-A097A12A0BE8}"
EndProject
Project("{FAE04EC0-301F-11D3-BF4B-00C04F79EFBC}") = "Threads", "dotnet_avancado_exercicio3\exercicio_Threads\Threads\Threads.csproj", "{5752228A-6ADE-4024-A541-8EB5EDD11A8C}"
EndProject
Project("{2150E333-8FDC-42A3-9474-1A3956D46DE8}") = "exercicio_Async-Await", "exercicio_Async-Await", "{068464C3-9CB4-4DD8-92CA-63DB9365345C}"
EndProject
Global
	GlobalSection(SolutionConfigurationPlatforms) = preSolution
		Debug|Any CPU = Debug|Any CPU
		Release|Any CPU = Release|Any CPU
	EndGlobalSection
	GlobalSection(ProjectConfigurationPlatforms) = postSolution
		{7668EDE1-D543-4091-974B-BAE1CBDF6148}.Debug|Any CPU.ActiveCfg = Debug|Any CPU
		{7668EDE1-D543-4091-974B-BAE1CBDF6148}.Debug|Any CPU.Build.0 = Debug|Any CPU
		{7668EDE1-D543-4091-974B-BAE1CBDF6148}.Release|Any CPU.ActiveCfg = Release|Any CPU
		{7668EDE1-D543-4091-974B-BAE1CBDF6148}.Release|Any CPU.Build.0 = Release|Any CPU
		{4CD27375-E2EC-481D-A6C7-A6BDA516C066}.Debug|Any CPU.ActiveCfg = Debug|Any CPU
		{4CD27375-E2EC-481D-A6C7-A6BDA516C066}.Debug|Any CPU.Build.0 = Debug|Any CPU
		{4CD27375-E2EC-481D-A6C7-A6BDA516C066}.Release|Any CPU.ActiveCfg = Release|Any CPU
		{4CD27375-E2EC-481D-A6C7-A6BDA516C066}.Release|Any CPU.Build.0 = Release|Any CPU
		{3DD2C507-5F01-48FF-8098-514FBCD22D7F}.Debug|Any CPU.ActiveCfg = Debug|Any CPU
		{3DD2C507-5F01-48FF-8098-514FBCD22D7F}.Debug|Any CPU.Build.0 = Debug|Any CPU
		{3DD2C507-5F01-48FF-8098-514FBCD22D7F}.Release|Any CPU.ActiveCfg = Release|Any CPU
		{3DD2C507-5F01-48FF-8098-514FBCD22D7F}.Release|Any CPU.Build.0 = Release|Any CPU
		{172FF35D-113E-4A69-B814-8CE802509183}.Debug|Any CPU.ActiveCfg = Debug|Any CPU
		{172FF35D-113E-4A69-B814-8CE802509183}.Debug|Any CPU.Build.0 = Debug|Any CPU
		{172FF35D-113E-4A69-B814-8CE802509183}.Release|Any CPU.ActiveCfg = Release|Any CPU
		{172FF35D-113E-4A69-B814-8CE802509183}.Release|Any CPU.Build.0 = Release|Any CPU
		{90DB8A53-D2AD-4AC0-AFCB-12A8709DA9B7}.Debug|Any CPU.ActiveCfg = Debug|Any CPU
		{90DB8A53-D2AD-4AC0-AFCB-12A8709DA9B7}.Debug|Any CPU.Build.0 = Debug|Any CPU
		{90DB8A53-D2AD-4AC0-AFCB-12A8709DA9B7}.Release|Any CPU.ActiveCfg = Release|Any CPU
		{90DB8A53-D2AD-4AC0-AFCB-12A8709DA9B7}.Release|Any CPU.Build.0 = Release|Any CPU
		{CDC729D7-5F16-4E33-AD9E-5ACCB0EE35C1}.Debug|Any CPU.ActiveCfg = Debug|Any CPU
		{CDC729D7-5F16-4E33-AD9E-5ACCB0EE35C1}.Debug|Any CPU.Build.0 = Debug|Any CPU
		{CDC729D7-5F16-4E33-AD9E-5ACCB0EE35C1}.Release|Any CPU.ActiveCfg = Release|Any CPU
		{CDC729D7-5F16-4E33-AD9E-5ACCB0EE35C1}.Release|Any CPU.Build.0 = Release|Any CPU
		{0C8DE79C-F27C-4BA4-AE9B-FBD46B5833F2}.Debug|Any CPU.ActiveCfg = Debug|Any CPU
		{0C8DE79C-F27C-4BA4-AE9B-FBD46B5833F2}.Debug|Any CPU.Build.0 = Debug|Any CPU
		{0C8DE79C-F27C-4BA4-AE9B-FBD46B5833F2}.Release|Any CPU.ActiveCfg = Release|Any CPU
		{0C8DE79C-F27C-4BA4-AE9B-FBD46B5833F2}.Release|Any CPU.Build.0 = Release|Any CPU
		{93A2E4C6-D09D-41C7-8D8C-DCC481D1DCFD}.Debug|Any CPU.ActiveCfg = Debug|Any CPU
		{93A2E4C6-D09D-41C7-8D8C-DCC481D1DCFD}.Debug|Any CPU.Build.0 = Debug|Any CPU
		{93A2E4C6-D09D-41C7-8D8C-DCC481D1DCFD}.Release|Any CPU.ActiveCfg = Release|Any CPU
		{93A2E4C6-D09D-41C7-8D8C-DCC481D1DCFD}.Release|Any CPU.Build.0 = Release|Any CPU
		{5752228A-6ADE-4024-A541-8EB5EDD11A8C}.Debug|Any CPU.ActiveCfg = Debug|Any CPU
		{5752228A-6ADE-4024-A541-8EB5EDD11A8C}.Debug|Any CPU.Build.0 = Debug|Any CPU
		{5752228A-6ADE-4024-A541-8EB5EDD11A8C}.Release|Any CPU.ActiveCfg = Release|Any CPU
		{5752228A-6ADE-4024-A541-8EB5EDD11A8C}.Release|Any CPU.Build.0 = Release|Any CPU
	EndGlobalSection
	GlobalSection(SolutionProperties) = preSolution
		HideSolutionNode = FALSE
	EndGlobalSection
	GlobalSection(NestedProjects) = preSolution
		{4CD27375-E2EC-481D-A6C7-A6BDA516C066} = {CC98C6AD-9733-4D2C-A91E-C84353BFACB6}
		{3DD2C507-5F01-48FF-8098-514FBCD22D7F} = {CC98C6AD-9733-4D2C-A91E-C84353BFACB6}
		{172FF35D-113E-4A69-B814-8CE802509183} = {CC98C6AD-9733-4D2C-A91E-C84353BFACB6}
		{90DB8A53-D2AD-4AC0-AFCB-12A8709DA9B7} = {CC98C6AD-9733-4D2C-A91E-C84353BFACB6}
		{CDC729D7-5F16-4E33-AD9E-5ACCB0EE35C1} = {CC98C6AD-9733-4D2C-A91E-C84353BFACB6}
		{33B90144-9A60-4444-B46D-78116CF36E44} = {F6B1D2E2-07E8-4C3C-8CF7-00A8B8CCACF0}
		{0C8DE79C-F27C-4BA4-AE9B-FBD46B5833F2} = {33B90144-9A60-4444-B46D-78116CF36E44}
		{E6F97CAF-A56C-4DA7-870A-71C6D9BA382A} = {F6B1D2E2-07E8-4C3C-8CF7-00A8B8CCACF0}
		{93A2E4C6-D09D-41C7-8D8C-DCC481D1DCFD} = {E6F97CAF-A56C-4DA7-870A-71C6D9BA382A}
		{5A582365-A6CB-486B-9109-A097A12A0BE8} = {F6B1D2E2-07E8-4C3C-8CF7-00A8B8CCACF0}
		{5752228A-6ADE-4024-A541-8EB5EDD11A8C} = {5A582365-A6CB-486B-9109-A097A12A0BE8}
		{068464C3-9CB4-4DD8-92CA-63DB9365345C} = {F6B1D2E2-07E8-4C3C-8CF7-00A8B8CCACF0}
	EndGlobalSection
EndGlobal
